{
  "nodes": {
    "emacs-src": {
      "flake": false,
      "locked": {
        "lastModified": 1631740894,
        "narHash": "sha256-ZzvWEuACQGdv0YjVP2kSAtZ/9B/0LY581iZONvt2Lxg=",
        "ref": "master",
        "rev": "e709412c2d6f5793ad800372fbd573f7e9ada8ec",
        "revCount": 150053,
        "type": "git",
        "url": "git://git.sv.gnu.org/emacs.git"
      },
      "original": {
        "type": "git",
        "url": "git://git.sv.gnu.org/emacs.git"
      }
    },
    "emacs-vterm-src": {
      "flake": false,
      "locked": {
        "lastModified": 1631083259,
        "narHash": "sha256-+fl1GUCpAZBOvgMd3akF9EMirp1/K+JyRq0TWKSDeJw=",
        "owner": "akermu",
        "repo": "emacs-libvterm",
        "rev": "2681120b770573044832ba8c22ccbac192e1a294",
        "type": "github"
      },
      "original": {
        "owner": "akermu",
        "repo": "emacs-libvterm",
        "type": "github"
      }
    },
    "flake-utils": {
      "locked": {
        "lastModified": 1623875721,
        "narHash": "sha256-A8BU7bjS5GirpAUv4QA+QnJ4CceLHkcXdRp4xITDB0s=",
        "owner": "numtide",
        "repo": "flake-utils",
        "rev": "f7e004a55b120c02ecb6219596820fcd32ca8772",
        "type": "github"
      },
      "original": {
        "owner": "numtide",
        "repo": "flake-utils",
        "type": "github"
      }
    },
    "home-manager": {
      "inputs": {
        "nixpkgs": [
          "nixpkgs"
        ]
      },
      "locked": {
        "lastModified": 1626073055,
        "narHash": "sha256-vocByfpVu6m9zvtJugDvmd6/9iT2HJuG4tmDICKd0lI=",
        "owner": "nix-community",
        "repo": "home-manager",
        "rev": "775cb20bd4af7781fbf336fb201df02ee3d544bb",
        "type": "github"
      },
      "original": {
        "owner": "nix-community",
        "ref": "master",
        "repo": "home-manager",
        "type": "github"
      }
    },
    "mac-emacs": {
      "inputs": {
        "emacs-src": "emacs-src",
        "emacs-vterm-src": "emacs-vterm-src",
        "nixpkgs": "nixpkgs"
      },
      "locked": {
        "lastModified": 1631757343,
        "narHash": "sha256-YsEw6iuiP1gx5zPZsdSd3F7y/5QZ6nXacrZnBnlaA+8=",
        "owner": "cmacrae",
        "repo": "emacs",
        "rev": "1f3b3b8a03fb8326dca7ff535e6852936ca112c4",
        "type": "github"
      },
      "original": {
        "owner": "cmacrae",
        "repo": "emacs",
        "type": "github"
      }
    },
    "mk-darwin-system": {
      "inputs": {
        "flake-utils": "flake-utils",
        "home-manager": "home-manager",
        "nix-darwin": "nix-darwin",
        "nixpkgs": [
          "nixpkgs"
        ]
      },
      "locked": {
        "lastModified": 1627664566,
        "narHash": "sha256-vJ9lTU4m6lGmiPvquPdrfQWsleAu8n2sCkWoO4T7nEM=",
        "owner": "vic",
        "repo": "mk-darwin-system",
        "rev": "444fd6c4d9ebcfb0ad56c8a814576ccfadd2c436",
        "type": "github"
      },
      "original": {
        "owner": "vic",
        "ref": "main",
        "repo": "mk-darwin-system",
        "type": "github"
      }
    },
    "nix-darwin": {
      "inputs": {
        "nixpkgs": [
          "nixpkgs"
        ]
      },
      "locked": {
        "lastModified": 1622060422,
        "narHash": "sha256-hPVlvrAyf6zL7tTx0lpK+tMxEfZeMiIZ/A2xaJ41WOY=",
        "owner": "lnl7",
        "repo": "nix-darwin",
        "rev": "007d700e644ac588ad6668e6439950a5b6e2ff64",
        "type": "github"
      },
      "original": {
        "owner": "lnl7",
        "ref": "master",
        "repo": "nix-darwin",
        "type": "github"
      }
    },
    "nixpkgs": {
      "locked": {
        "lastModified": 1631725679,
        "narHash": "sha256-EXFxVj4rN3IN8o6OSipUH2JczePbRkkUvF+ZMan9xm4=",
        "owner": "nixos",
        "repo": "nixpkgs",
        "rev": "2bb5cbf7f8b99a8d1d6646abe5ab993f6823212f",
        "type": "github"
      },
      "original": {
        "owner": "nixos",
        "ref": "nixpkgs-unstable",
        "repo": "nixpkgs",
        "type": "github"
      }
    },
    "nixpkgs_2": {
      "locked": {
        "lastModified": 1631759236,
        "narHash": "sha256-iY+sjnHQuRWLLMaJotv56+41E4QA16hM6iyGRCpnFLE=",
        "owner": "nixos",
        "repo": "nixpkgs",
        "rev": "cbb95673926205f7a54af97ecfa32bc7be917603",
        "type": "github"
      },
      "original": {
        "owner": "nixos",
        "ref": "nixpkgs-unstable",
        "repo": "nixpkgs",
        "type": "github"
      }
    },
    "root": {
      "inputs": {
        "mac-emacs": "mac-emacs",
        "mk-darwin-system": "mk-darwin-system",
        "nixpkgs": "nixpkgs_2"
      }
    }
  },
  "root": "root",
  "version": 7
}
