{
  "nodes": {
    "emacs-src": {
      "flake": false,
      "locked": {
        "lastModified": 1635893680,
        "narHash": "sha256-T02UsyoEPr9fOZbkWnbNW+jWNHQ3j3DVPrUuFxt3ROk=",
        "owner": "emacs-mirror",
        "repo": "emacs",
        "rev": "8206e418f32bc4881792146dd8a6dedba0505ac4",
        "type": "github"
      },
      "original": {
        "owner": "emacs-mirror",
        "repo": "emacs",
        "type": "github"
      }
    },
    "emacs-vterm-src": {
      "flake": false,
      "locked": {
        "lastModified": 1631083259,
        "narHash": "sha256-+fl1GUCpAZBOvgMd3akF9EMirp1/K+JyRq0TWKSDeJw=",
        "owner": "akermu",
        "repo": "emacs-libvterm",
        "rev": "2681120b770573044832ba8c22ccbac192e1a294",
        "type": "github"
      },
      "original": {
        "owner": "akermu",
        "repo": "emacs-libvterm",
        "type": "github"
      }
    },
    "flake-utils": {
      "locked": {
        "lastModified": 1623875721,
        "narHash": "sha256-A8BU7bjS5GirpAUv4QA+QnJ4CceLHkcXdRp4xITDB0s=",
        "owner": "numtide",
        "repo": "flake-utils",
        "rev": "f7e004a55b120c02ecb6219596820fcd32ca8772",
        "type": "github"
      },
      "original": {
        "owner": "numtide",
        "repo": "flake-utils",
        "type": "github"
      }
    },
    "flake-utils_2": {
      "locked": {
        "lastModified": 1637014545,
        "narHash": "sha256-26IZAc5yzlD9FlDT54io1oqG/bBoyka+FJk5guaX4x4=",
        "owner": "numtide",
        "repo": "flake-utils",
        "rev": "bba5dcc8e0b20ab664967ad83d24d64cb64ec4f4",
        "type": "github"
      },
      "original": {
        "owner": "numtide",
        "repo": "flake-utils",
        "type": "github"
      }
    },
    "home-manager": {
      "inputs": {
        "nixpkgs": [
          "nixpkgs"
        ]
      },
      "locked": {
        "lastModified": 1626073055,
        "narHash": "sha256-vocByfpVu6m9zvtJugDvmd6/9iT2HJuG4tmDICKd0lI=",
        "owner": "nix-community",
        "repo": "home-manager",
        "rev": "775cb20bd4af7781fbf336fb201df02ee3d544bb",
        "type": "github"
      },
      "original": {
        "owner": "nix-community",
        "ref": "master",
        "repo": "home-manager",
        "type": "github"
      }
    },
    "mac-emacs": {
      "inputs": {
        "emacs-src": "emacs-src",
        "emacs-vterm-src": "emacs-vterm-src",
        "nixpkgs": [
          "nixpkgs"
        ]
      },
      "locked": {
        "lastModified": 1635903005,
        "narHash": "sha256-I7x32x9UiYY8Yc7wTjW8+SgUi6sKzjWZ6H0v8Ar+ELM=",
        "owner": "cmacrae",
        "repo": "emacs",
        "rev": "7114b0ef857ffad1abf83d50bb9df1bb39ad503c",
        "type": "github"
      },
      "original": {
        "owner": "cmacrae",
        "repo": "emacs",
        "type": "github"
      }
    },
    "mk-darwin-system": {
      "inputs": {
        "flake-utils": "flake-utils",
        "home-manager": "home-manager",
        "nix-darwin": "nix-darwin",
        "nixpkgs": [
          "nixpkgs"
        ]
      },
      "locked": {
        "lastModified": 1627664566,
        "narHash": "sha256-vJ9lTU4m6lGmiPvquPdrfQWsleAu8n2sCkWoO4T7nEM=",
        "owner": "vic",
        "repo": "mk-darwin-system",
        "rev": "444fd6c4d9ebcfb0ad56c8a814576ccfadd2c436",
        "type": "github"
      },
      "original": {
        "owner": "vic",
        "ref": "main",
        "repo": "mk-darwin-system",
        "type": "github"
      }
    },
    "nix-darwin": {
      "inputs": {
        "nixpkgs": [
          "nixpkgs"
        ]
      },
      "locked": {
        "lastModified": 1622060422,
        "narHash": "sha256-hPVlvrAyf6zL7tTx0lpK+tMxEfZeMiIZ/A2xaJ41WOY=",
        "owner": "lnl7",
        "repo": "nix-darwin",
        "rev": "007d700e644ac588ad6668e6439950a5b6e2ff64",
        "type": "github"
      },
      "original": {
        "owner": "lnl7",
        "ref": "master",
        "repo": "nix-darwin",
        "type": "github"
      }
    },
    "nixpkgs": {
      "locked": {
        "lastModified": 1635808042,
        "narHash": "sha256-kQg7LzPj+UQlCAgD0dJhJ88QdzduXwIyqnTLXScKBbY=",
        "owner": "nixos",
        "repo": "nixpkgs",
        "rev": "550dab224a26ec25e20e82c0c8bfc764e01b772e",
        "type": "github"
      },
      "original": {
        "owner": "nixos",
        "ref": "nixpkgs-unstable",
        "repo": "nixpkgs",
        "type": "github"
      }
    },
    "nixpkgs_2": {
      "locked": {
        "lastModified": 1637453606,
        "narHash": "sha256-Gy6cwUswft9xqsjWxFYEnx/63/qzaFUwatcbV5GF/GQ=",
        "owner": "NixOS",
        "repo": "nixpkgs",
        "rev": "8afc4e543663ca0a6a4f496262cd05233737e732",
        "type": "github"
      },
      "original": {
        "owner": "NixOS",
        "ref": "nixpkgs-unstable",
        "repo": "nixpkgs",
        "type": "github"
      }
    },
    "root": {
      "inputs": {
        "mac-emacs": "mac-emacs",
        "mk-darwin-system": "mk-darwin-system",
        "nixpkgs": "nixpkgs",
        "rust-overlay": "rust-overlay"
      }
    },
    "rust-overlay": {
      "inputs": {
        "flake-utils": "flake-utils_2",
        "nixpkgs": "nixpkgs_2"
      },
      "locked": {
        "lastModified": 1641868896,
        "narHash": "sha256-R2hG3EqLSASjdzJlhn1leRmBwmatrzIyKXRaBfwbAPg=",
        "owner": "oxalica",
        "repo": "rust-overlay",
        "rev": "84c58400556c1c5fa796cbc3215ba5bbd3bd848f",
        "type": "github"
      },
      "original": {
        "owner": "oxalica",
        "repo": "rust-overlay",
        "type": "github"
      }
    }
  },
  "root": "root",
  "version": 7
}
